
Microsoft Visual Studio Solution File, Format Version 12.00
# Visual Studio Version 17
VisualStudioVersion = 17.8.34511.84
MinimumVisualStudioVersion = 10.0.40219.1
Project("{FAE04EC0-301F-11D3-BF4B-00C04F79EFBC}") = "ConsoleApp6", "ConsoleApp6.csproj", "{5443FC46-9774-4E5F-B4DA-3F0AC18F0E9D}"
EndProject
Global
	GlobalSection(SolutionConfigurationPlatforms) = preSolution
		Debug|Any CPU = Debug|Any CPU
		Release|Any CPU = Release|Any CPU
	EndGlobalSection
	GlobalSection(ProjectConfigurationPlatforms) = postSolution
		{5443FC46-9774-4E5F-B4DA-3F0AC18F0E9D}.Debug|Any CPU.ActiveCfg = Debug|Any CPU
		{5443FC46-9774-4E5F-B4DA-3F0AC18F0E9D}.Debug|Any CPU.Build.0 = Debug|Any CPU
		{5443FC46-9774-4E5F-B4DA-3F0AC18F0E9D}.Release|Any CPU.ActiveCfg = Release|Any CPU
		{5443FC46-9774-4E5F-B4DA-3F0AC18F0E9D}.Release|Any CPU.Build.0 = Release|Any CPU
	EndGlobalSection
	GlobalSection(SolutionProperties) = preSolution
		HideSolutionNode = FALSE
	EndGlobalSection
	GlobalSection(ExtensibilityGlobals) = postSolution
		SolutionGuid = {D3A5CAC9-2BB8-4CB7-A8C2-708EA290DC83}
	EndGlobalSection
EndGlobal
